{
  "name": "miniprogram",
  "version": "1.0.0",
  "lockfileVersion": 1,
  "requires": true,
  "dependencies": {
    "apifm-wxapi": {
      "version": "3.4.0",
      "resolved": "https://registry.npmjs.org/apifm-wxapi/-/apifm-wxapi-3.4.0.tgz",
      "integrity": "sha512-ZFDJrrPYSt6ecCNbfFJv+LP3qqSBXIs0RdoFbZlfq/N+GUGHc3ibpx1aIo4OPqapHYx3SBT2w6JgzfM4zNNADA=="
    }
  }
}
